# THIS IS AN AUTOGENERATED FILE. DO NOT EDIT THIS FILE DIRECTLY.
# yarn lockfile v1


grammy-inline-menu@^9.2.0:
  version "9.2.0"
  resolved "https://registry.yarnpkg.com/grammy-inline-menu/-/grammy-inline-menu-9.2.0.tgz#736d85ea06e516d44abf3e3474123e92abeb8949"
  integrity sha512-QxZQvqKa1GM+WlGTGRuHEdsVOGzh1yjL1klMwX+Ojez6srGKeMeZi5JkUIcxokTocjk0vn11Ex6yIknBr0UbMQ==
  dependencies:
    type-fest "^4.0.0"

type-fest@^4.0.0:
  version "4.41.0"
  resolved "https://registry.yarnpkg.com/type-fest/-/type-fest-4.41.0.tgz#6ae1c8e5731273c2bf1f58ad39cbae2c91a46c58"
  integrity sha512-TeTSQ6H5YHvpqVwBRcnLDCBnDOHWYu7IvGbHT6N8AOymcr9PJGjc1GTtiWZTYg0NCgYwvnYWEkVChQAr9bjfwA==
